
Microsoft Visual Studio Solution File, Format Version 12.00
# Visual Studio Version 17
VisualStudioVersion = 17.2.32616.157
MinimumVisualStudioVersion = 10.0.40219.1
Project("{FAE04EC0-301F-11D3-BF4B-00C04F79EFBC}") = "worm", "worm\worm.csproj", "{08901110-4D7A-426A-A5E6-1681464B6E25}"
EndProject
Global
	GlobalSection(SolutionConfigurationPlatforms) = preSolution
		Debug|Any CPU = Debug|Any CPU
		Release|Any CPU = Release|Any CPU
	EndGlobalSection
	GlobalSection(ProjectConfigurationPlatforms) = postSolution
		{08901110-4D7A-426A-A5E6-1681464B6E25}.Debug|Any CPU.ActiveCfg = Debug|Any CPU
		{08901110-4D7A-426A-A5E6-1681464B6E25}.Debug|Any CPU.Build.0 = Debug|Any CPU
		{08901110-4D7A-426A-A5E6-1681464B6E25}.Release|Any CPU.ActiveCfg = Release|Any CPU
		{08901110-4D7A-426A-A5E6-1681464B6E25}.Release|Any CPU.Build.0 = Release|Any CPU
	EndGlobalSection
	GlobalSection(SolutionProperties) = preSolution
		HideSolutionNode = FALSE
	EndGlobalSection
	GlobalSection(ExtensibilityGlobals) = postSolution
		SolutionGuid = {2C399F48-2713-4576-A0DF-313A84A3C9CF}
	EndGlobalSection
EndGlobal
